
Microsoft Visual Studio Solution File, Format Version 12.00
# Visual Studio 2012
Project("{FAE04EC0-301F-11D3-BF4B-00C04F79EFBC}") = "Opuz2015", "Opuz2015.csproj", "{7360A69B-5E5B-484D-857B-57D0F2C9BC32}"
EndProject
Project("{FAE04EC0-301F-11D3-BF4B-00C04F79EFBC}") = "GGL", "lib\GGL\GGL.csproj", "{5490AD74-0BB3-438C-9DE4-EB7CFC68BCB5}"
EndProject
Global
	GlobalSection(SolutionConfigurationPlatforms) = preSolution
		Debug|Any CPU = Debug|Any CPU
		Release|Any CPU = Release|Any CPU
	EndGlobalSection
	GlobalSection(ProjectConfigurationPlatforms) = postSolution
		{5490AD74-0BB3-438C-9DE4-EB7CFC68BCB5}.Debug|Any CPU.ActiveCfg = Debug|Any CPU
		{5490AD74-0BB3-438C-9DE4-EB7CFC68BCB5}.Debug|Any CPU.Build.0 = Debug|Any CPU
		{5490AD74-0BB3-438C-9DE4-EB7CFC68BCB5}.Release|Any CPU.ActiveCfg = Release|Any CPU
		{5490AD74-0BB3-438C-9DE4-EB7CFC68BCB5}.Release|Any CPU.Build.0 = Release|Any CPU
		{7360A69B-5E5B-484D-857B-57D0F2C9BC32}.Debug|Any CPU.ActiveCfg = Debug|Any CPU
		{7360A69B-5E5B-484D-857B-57D0F2C9BC32}.Debug|Any CPU.Build.0 = Debug|Any CPU
		{7360A69B-5E5B-484D-857B-57D0F2C9BC32}.Release|Any CPU.ActiveCfg = Release|Any CPU
		{7360A69B-5E5B-484D-857B-57D0F2C9BC32}.Release|Any CPU.Build.0 = Release|Any CPU
	EndGlobalSection
EndGlobal
